
Microsoft Visual Studio Solution File, Format Version 11.00
# Visual Studio 2010
Project("{218574D1-FF94-4B95-8577-A6D58C11C315}") = "Project2", "Project2\Project2.oradbproj", "{07807D4D-F064-4524-B76A-E2D6712CA98E}"
EndProject
Global
	GlobalSection(SubversionScc) = preSolution
		Svn-Managed = True
		Manager = AnkhSVN - Subversion Support for Visual Studio
	EndGlobalSection
	GlobalSection(SolutionProperties) = preSolution
		HideSolutionNode = FALSE
	EndGlobalSection
EndGlobal
